{
  "name": "static",
  "version": "1.0.0",
  "lockfileVersion": 2,
  "requires": true,
  "packages": {
    "": {
      "name": "static",
      "version": "1.0.0",
      "license": "ISC",
      "dependencies": {
        "bootstrap": "^5.3.2",
        "bootstrap-datepicker": "^1.10.0",
        "bootstrap-timepicker": "^0.5.2",
        "cropper": "^4.1.0",
        "dayjs": "^1.11.11",
        "font-awesome": "^4.7.0",
        "fullcalendar": "^6.1.13",
        "jdenticon": "^3.3.0",
        "jquery": "^3.7.1",
        "jquery-cropper": "^1.0.1",
        "moment": "^2.30.1",
        "summernote": "^0.8.20"
      }
    },
    "node_modules/@fullcalendar/core": {
      "version": "6.1.13",
      "resolved": "https://registry.npmjs.org/@fullcalendar/core/-/core-6.1.13.tgz",
      "integrity": "sha512-Cps/hMQan4kwnsBhFf2+m2mijbGoWs6r18ZzxBnAAOkkNHtPmHU8EdR6lF+ZLsiVvb7nsC4H/ZKqnxXWwgpoPw==",
      "dependencies": {
        "preact": "~10.12.1"
      }
    },
    "node_modules/@fullcalendar/daygrid": {
      "version": "6.1.13",
      "resolved": "https://registry.npmjs.org/@fullcalendar/daygrid/-/daygrid-6.1.13.tgz",
      "integrity": "sha512-0I0hL1kgGjkZuc7Qt8mu4jjrqIL5PZzd58bEpTxoXRKI5UBZ9KbshGVMryQSXYANlrRtkPnXVt90VIDrxZbDrA==",
      "peerDependencies": {
        "@fullcalendar/core": "~6.1.13"
      }
    },
    "node_modules/@fullcalendar/interaction": {
      "version": "6.1.13",
      "resolved": "https://registry.npmjs.org/@fullcalendar/interaction/-/interaction-6.1.13.tgz",
      "integrity": "sha512-r1w+jqCRGZZyxKFquueDSFvbsFhJLhc1BX8Nlyz684lYxS1SiToYJW9Q8X/XkySCzpjO3KOnxEp2jVOn1Usyjg==",
      "peerDependencies": {
        "@fullcalendar/core": "~6.1.13"
      }
    },
    "node_modules/@fullcalendar/list": {
      "version": "6.1.13",
      "resolved": "https://registry.npmjs.org/@fullcalendar/list/-/list-6.1.13.tgz",
      "integrity": "sha512-bPW4EsgGNwDZh91NtD+q4hqGfS6jEvCXQo7+MNy4JLMwFtdenEURRrzsb6CW3l97L3Vp0E2mSqiXaNESOmXEcQ==",
      "peerDependencies": {
        "@fullcalendar/core": "~6.1.13"
      }
    },
    "node_modules/@fullcalendar/multimonth": {
      "version": "6.1.13",
      "resolved": "https://registry.npmjs.org/@fullcalendar/multimonth/-/multimonth-6.1.13.tgz",
      "integrity": "sha512-fn0BaLaMNkLmFzxijGZXYcO/fHQkuCcQV1R44mnu/01V4uSnFM1KPt2+V+6SgNiW1+ZNkUBHkkSLST1XdZjodw==",
      "dependencies": {
        "@fullcalendar/daygrid": "~6.1.13"
      },
      "peerDependencies": {
        "@fullcalendar/core": "~6.1.13"
      }
    },
    "node_modules/@fullcalendar/timegrid": {
      "version": "6.1.13",
      "resolved": "https://registry.npmjs.org/@fullcalendar/timegrid/-/timegrid-6.1.13.tgz",
      "integrity": "sha512-8Ub2mSV+6Mh8WWDKuyCYbj5PKYpmyjSctpJ/21fDBJduE9QFS0WfG9CZZxSJT7CT+srnyk4mX2/5gYN9gYZjUg==",
      "dependencies": {
        "@fullcalendar/daygrid": "~6.1.13"
      },
      "peerDependencies": {
        "@fullcalendar/core": "~6.1.13"
      }
    },
    "node_modules/@popperjs/core": {
      "version": "2.11.8",
      "resolved": "https://registry.npmjs.org/@popperjs/core/-/core-2.11.8.tgz",
      "integrity": "sha512-P1st0aksCrn9sGZhp8GMYwBnQsbvAWsZAX44oXNNvLHGqAOcoVxmjZiohstwQ7SqKnbR47akdNi+uleWD8+g6A==",
      "peer": true,
      "funding": {
        "type": "opencollective",
        "url": "https://opencollective.com/popperjs"
      }
    },
    "node_modules/@types/node": {
      "version": "20.12.11",
      "resolved": "https://registry.npmjs.org/@types/node/-/node-20.12.11.tgz",
      "integrity": "sha512-vDg9PZ/zi+Nqp6boSOT7plNuthRugEKixDv5sFTIpkE89MmNtEArAShI4mxuX2+UrLEe9pxC1vm2cjm9YlWbJw==",
      "dependencies": {
        "undici-types": "~5.26.4"
      }
    },
    "node_modules/bootstrap": {
      "version": "5.3.2",
      "resolved": "https://registry.npmjs.org/bootstrap/-/bootstrap-5.3.2.tgz",
      "integrity": "sha512-D32nmNWiQHo94BKHLmOrdjlL05q1c8oxbtBphQFb9Z5to6eGRDCm0QgeaZ4zFBHzfg2++rqa2JkqCcxDy0sH0g==",
      "funding": [
        {
          "type": "github",
          "url": "https://github.com/sponsors/twbs"
        },
        {
          "type": "opencollective",
          "url": "https://opencollective.com/bootstrap"
        }
      ],
      "peerDependencies": {
        "@popperjs/core": "^2.11.8"
      }
    },
    "node_modules/bootstrap-datepicker": {
      "version": "1.10.0",
      "resolved": "https://registry.npmjs.org/bootstrap-datepicker/-/bootstrap-datepicker-1.10.0.tgz",
      "integrity": "sha512-lWxtSYddAQOpbAO8UhYhHLcK6425eWoSjb5JDvZU3ePHEPF6A3eUr51WKaFy4PccU19JRxUG6wEU3KdhtKfvpg==",
      "dependencies": {
        "jquery": ">=3.4.0 <4.0.0"
      }
    },
    "node_modules/bootstrap-timepicker": {
      "version": "0.5.2",
      "resolved": "https://registry.npmjs.org/bootstrap-timepicker/-/bootstrap-timepicker-0.5.2.tgz",
      "integrity": "sha512-ZUEEu2H6hz/6N8Myi0KGxyqZ5+SmNbPKLgD/2s4dQcK/MrUw/1b9OmK46dSLVwKEARTWITCWz6QRZAJs5YeRBA=="
    },
    "node_modules/canvas-renderer": {
      "version": "2.2.1",
      "resolved": "https://registry.npmjs.org/canvas-renderer/-/canvas-renderer-2.2.1.tgz",
      "integrity": "sha512-RrBgVL5qCEDIXpJ6NrzyRNoTnXxYarqm/cS/W6ERhUJts5UQtt/XPEosGN3rqUkZ4fjBArlnCbsISJ+KCFnIAg==",
      "dependencies": {
        "@types/node": "*"
      }
    },
    "node_modules/cropper": {
      "version": "4.1.0",
      "resolved": "https://registry.npmjs.org/cropper/-/cropper-4.1.0.tgz",
      "integrity": "sha512-dNbkWNT606oMgRQ2aYMerDnPpSVLBMTWyERDHsDwih1ahJiVpyfSM9ev/n6G4ElfRG8t0shUZ5FXLg7YtmDdBQ==",
      "dependencies": {
        "cropperjs": "^1.5.6"
      },
      "peerDependencies": {
        "jquery": ">=1.9.1"
      }
    },
    "node_modules/cropperjs": {
      "version": "1.6.2",
      "resolved": "https://registry.npmjs.org/cropperjs/-/cropperjs-1.6.2.tgz",
      "integrity": "sha512-nhymn9GdnV3CqiEHJVai54TULFAE3VshJTXSqSJKa8yXAKyBKDWdhHarnlIPrshJ0WMFTGuFvG02YjLXfPiuOA=="
    },
    "node_modules/dayjs": {
      "version": "1.11.11",
      "resolved": "https://registry.npmjs.org/dayjs/-/dayjs-1.11.11.tgz",
      "integrity": "sha512-okzr3f11N6WuqYtZSvm+F776mB41wRZMhKP+hc34YdW+KmtYYK9iqvHSwo2k9FEH3fhGXvOPV6yz2IcSrfRUDg=="
    },
    "node_modules/font-awesome": {
      "version": "4.7.0",
      "resolved": "https://registry.npmjs.org/font-awesome/-/font-awesome-4.7.0.tgz",
      "integrity": "sha512-U6kGnykA/6bFmg1M/oT9EkFeIYv7JlX3bozwQJWiiLz6L0w3F5vBVPxHlwyX/vtNq1ckcpRKOB9f2Qal/VtFpg==",
      "engines": {
        "node": ">=0.10.3"
      }
    },
    "node_modules/fullcalendar": {
      "version": "6.1.13",
      "resolved": "https://registry.npmjs.org/fullcalendar/-/fullcalendar-6.1.13.tgz",
      "integrity": "sha512-m/9OX3reJY0SIa5ca0kQ3i6Z8zNTDLduQWPbBmkcs3A/SlS1wUqLdDVUs6LYgh/3NiEmSUVlm6OufXDSnUHNwg==",
      "dependencies": {
        "@fullcalendar/core": "~6.1.13",
        "@fullcalendar/daygrid": "~6.1.13",
        "@fullcalendar/interaction": "~6.1.13",
        "@fullcalendar/list": "~6.1.13",
        "@fullcalendar/multimonth": "~6.1.13",
        "@fullcalendar/timegrid": "~6.1.13"
      }
    },
    "node_modules/jdenticon": {
      "version": "3.3.0",
      "resolved": "https://registry.npmjs.org/jdenticon/-/jdenticon-3.3.0.tgz",
      "integrity": "sha512-DhuBRNRIybGPeAjMjdHbkIfiwZCCmf8ggu7C49jhp6aJ7DYsZfudnvnTY5/1vgUhrGA7JaDAx1WevnpjCPvaGg==",
      "dependencies": {
        "canvas-renderer": "~2.2.0"
      },
      "bin": {
        "jdenticon": "bin/jdenticon.js"
      },
      "engines": {
        "node": ">=6.4.0"
      }
    },
    "node_modules/jquery": {
      "version": "3.7.1",
      "resolved": "https://registry.npmjs.org/jquery/-/jquery-3.7.1.tgz",
      "integrity": "sha512-m4avr8yL8kmFN8psrbFFFmB/If14iN5o9nw/NgnnM+kybDJpRsAynV2BsfpTYrTRysYUdADVD7CkUUizgkpLfg=="
    },
    "node_modules/jquery-cropper": {
      "version": "1.0.1",
      "resolved": "https://registry.npmjs.org/jquery-cropper/-/jquery-cropper-1.0.1.tgz",
      "integrity": "sha512-KGlY8b0IJQi2Bxe3lqMKmd5Z2Ce4GrnDE5O8Iciza9xCzXISkL6EqX/jFHwnLL1H6Q4FGjoRguuv3lxezsbKJQ==",
      "peerDependencies": {
        "cropperjs": ">=1.0.0",
        "jquery": ">=1.9.1"
      }
    },
    "node_modules/moment": {
      "version": "2.30.1",
      "resolved": "https://registry.npmjs.org/moment/-/moment-2.30.1.tgz",
      "integrity": "sha512-uEmtNhbDOrWPFS+hdjFCBfy9f2YoyzRpwcl+DqpC6taX21FzsTLQVbMV/W7PzNSX6x/bhC1zA3c2UQ5NzH6how==",
      "engines": {
        "node": "*"
      }
    },
    "node_modules/preact": {
      "version": "10.12.1",
      "resolved": "https://registry.npmjs.org/preact/-/preact-10.12.1.tgz",
      "integrity": "sha512-l8386ixSsBdbreOAkqtrwqHwdvR35ID8c3rKPa8lCWuO86dBi32QWHV4vfsZK1utLLFMvw+Z5Ad4XLkZzchscg==",
      "funding": {
        "type": "opencollective",
        "url": "https://opencollective.com/preact"
      }
    },
    "node_modules/summernote": {
      "version": "0.8.20",
      "resolved": "https://registry.npmjs.org/summernote/-/summernote-0.8.20.tgz",
      "integrity": "sha512-W9RhjQjsn+b1s9xiJQgJbCiYGJaDAc9CdEqXo+D13WuStG8lCdtKaO5AiNiSSMJsQJN2EfGSwbBQt+SFE2B8Kw==",
      "hasInstallScript": true
    },
    "node_modules/undici-types": {
      "version": "5.26.5",
      "resolved": "https://registry.npmjs.org/undici-types/-/undici-types-5.26.5.tgz",
      "integrity": "sha512-JlCMO+ehdEIKqlFxk6IfVoAUVmgz7cU7zD/h9XZ0qzeosSHmUJVOzSQvvYSYWXkFXC+IfLKSIffhv0sVZup6pA=="
    }
  },
  "dependencies": {
    "@fullcalendar/core": {
      "version": "6.1.13",
      "resolved": "https://registry.npmjs.org/@fullcalendar/core/-/core-6.1.13.tgz",
      "integrity": "sha512-Cps/hMQan4kwnsBhFf2+m2mijbGoWs6r18ZzxBnAAOkkNHtPmHU8EdR6lF+ZLsiVvb7nsC4H/ZKqnxXWwgpoPw==",
      "requires": {
        "preact": "~10.12.1"
      }
    },
    "@fullcalendar/daygrid": {
      "version": "6.1.13",
      "resolved": "https://registry.npmjs.org/@fullcalendar/daygrid/-/daygrid-6.1.13.tgz",
      "integrity": "sha512-0I0hL1kgGjkZuc7Qt8mu4jjrqIL5PZzd58bEpTxoXRKI5UBZ9KbshGVMryQSXYANlrRtkPnXVt90VIDrxZbDrA==",
      "requires": {}
    },
    "@fullcalendar/interaction": {
      "version": "6.1.13",
      "resolved": "https://registry.npmjs.org/@fullcalendar/interaction/-/interaction-6.1.13.tgz",
      "integrity": "sha512-r1w+jqCRGZZyxKFquueDSFvbsFhJLhc1BX8Nlyz684lYxS1SiToYJW9Q8X/XkySCzpjO3KOnxEp2jVOn1Usyjg==",
      "requires": {}
    },
    "@fullcalendar/list": {
      "version": "6.1.13",
      "resolved": "https://registry.npmjs.org/@fullcalendar/list/-/list-6.1.13.tgz",
      "integrity": "sha512-bPW4EsgGNwDZh91NtD+q4hqGfS6jEvCXQo7+MNy4JLMwFtdenEURRrzsb6CW3l97L3Vp0E2mSqiXaNESOmXEcQ==",
      "requires": {}
    },
    "@fullcalendar/multimonth": {
      "version": "6.1.13",
      "resolved": "https://registry.npmjs.org/@fullcalendar/multimonth/-/multimonth-6.1.13.tgz",
      "integrity": "sha512-fn0BaLaMNkLmFzxijGZXYcO/fHQkuCcQV1R44mnu/01V4uSnFM1KPt2+V+6SgNiW1+ZNkUBHkkSLST1XdZjodw==",
      "requires": {
        "@fullcalendar/daygrid": "~6.1.13"
      }
    },
    "@fullcalendar/timegrid": {
      "version": "6.1.13",
      "resolved": "https://registry.npmjs.org/@fullcalendar/timegrid/-/timegrid-6.1.13.tgz",
      "integrity": "sha512-8Ub2mSV+6Mh8WWDKuyCYbj5PKYpmyjSctpJ/21fDBJduE9QFS0WfG9CZZxSJT7CT+srnyk4mX2/5gYN9gYZjUg==",
      "requires": {
        "@fullcalendar/daygrid": "~6.1.13"
      }
    },
    "@popperjs/core": {
      "version": "2.11.8",
      "resolved": "https://registry.npmjs.org/@popperjs/core/-/core-2.11.8.tgz",
      "integrity": "sha512-P1st0aksCrn9sGZhp8GMYwBnQsbvAWsZAX44oXNNvLHGqAOcoVxmjZiohstwQ7SqKnbR47akdNi+uleWD8+g6A==",
      "peer": true
    },
    "@types/node": {
      "version": "20.12.11",
      "resolved": "https://registry.npmjs.org/@types/node/-/node-20.12.11.tgz",
      "integrity": "sha512-vDg9PZ/zi+Nqp6boSOT7plNuthRugEKixDv5sFTIpkE89MmNtEArAShI4mxuX2+UrLEe9pxC1vm2cjm9YlWbJw==",
      "requires": {
        "undici-types": "~5.26.4"
      }
    },
    "bootstrap": {
      "version": "5.3.2",
      "resolved": "https://registry.npmjs.org/bootstrap/-/bootstrap-5.3.2.tgz",
      "integrity": "sha512-D32nmNWiQHo94BKHLmOrdjlL05q1c8oxbtBphQFb9Z5to6eGRDCm0QgeaZ4zFBHzfg2++rqa2JkqCcxDy0sH0g==",
      "requires": {}
    },
    "bootstrap-datepicker": {
      "version": "1.10.0",
      "resolved": "https://registry.npmjs.org/bootstrap-datepicker/-/bootstrap-datepicker-1.10.0.tgz",
      "integrity": "sha512-lWxtSYddAQOpbAO8UhYhHLcK6425eWoSjb5JDvZU3ePHEPF6A3eUr51WKaFy4PccU19JRxUG6wEU3KdhtKfvpg==",
      "requires": {
        "jquery": ">=3.4.0 <4.0.0"
      }
    },
    "bootstrap-timepicker": {
      "version": "0.5.2",
      "resolved": "https://registry.npmjs.org/bootstrap-timepicker/-/bootstrap-timepicker-0.5.2.tgz",
      "integrity": "sha512-ZUEEu2H6hz/6N8Myi0KGxyqZ5+SmNbPKLgD/2s4dQcK/MrUw/1b9OmK46dSLVwKEARTWITCWz6QRZAJs5YeRBA=="
    },
    "canvas-renderer": {
      "version": "2.2.1",
      "resolved": "https://registry.npmjs.org/canvas-renderer/-/canvas-renderer-2.2.1.tgz",
      "integrity": "sha512-RrBgVL5qCEDIXpJ6NrzyRNoTnXxYarqm/cS/W6ERhUJts5UQtt/XPEosGN3rqUkZ4fjBArlnCbsISJ+KCFnIAg==",
      "requires": {
        "@types/node": "*"
      }
    },
    "cropper": {
      "version": "4.1.0",
      "resolved": "https://registry.npmjs.org/cropper/-/cropper-4.1.0.tgz",
      "integrity": "sha512-dNbkWNT606oMgRQ2aYMerDnPpSVLBMTWyERDHsDwih1ahJiVpyfSM9ev/n6G4ElfRG8t0shUZ5FXLg7YtmDdBQ==",
      "requires": {
        "cropperjs": "^1.5.6"
      }
    },
    "cropperjs": {
      "version": "1.6.2",
      "resolved": "https://registry.npmjs.org/cropperjs/-/cropperjs-1.6.2.tgz",
      "integrity": "sha512-nhymn9GdnV3CqiEHJVai54TULFAE3VshJTXSqSJKa8yXAKyBKDWdhHarnlIPrshJ0WMFTGuFvG02YjLXfPiuOA=="
    },
    "dayjs": {
      "version": "1.11.11",
      "resolved": "https://registry.npmjs.org/dayjs/-/dayjs-1.11.11.tgz",
      "integrity": "sha512-okzr3f11N6WuqYtZSvm+F776mB41wRZMhKP+hc34YdW+KmtYYK9iqvHSwo2k9FEH3fhGXvOPV6yz2IcSrfRUDg=="
    },
    "font-awesome": {
      "version": "4.7.0",
      "resolved": "https://registry.npmjs.org/font-awesome/-/font-awesome-4.7.0.tgz",
      "integrity": "sha512-U6kGnykA/6bFmg1M/oT9EkFeIYv7JlX3bozwQJWiiLz6L0w3F5vBVPxHlwyX/vtNq1ckcpRKOB9f2Qal/VtFpg=="
    },
    "fullcalendar": {
      "version": "6.1.13",
      "resolved": "https://registry.npmjs.org/fullcalendar/-/fullcalendar-6.1.13.tgz",
      "integrity": "sha512-m/9OX3reJY0SIa5ca0kQ3i6Z8zNTDLduQWPbBmkcs3A/SlS1wUqLdDVUs6LYgh/3NiEmSUVlm6OufXDSnUHNwg==",
      "requires": {
        "@fullcalendar/core": "~6.1.13",
        "@fullcalendar/daygrid": "~6.1.13",
        "@fullcalendar/interaction": "~6.1.13",
        "@fullcalendar/list": "~6.1.13",
        "@fullcalendar/multimonth": "~6.1.13",
        "@fullcalendar/timegrid": "~6.1.13"
      }
    },
    "jdenticon": {
      "version": "3.3.0",
      "resolved": "https://registry.npmjs.org/jdenticon/-/jdenticon-3.3.0.tgz",
      "integrity": "sha512-DhuBRNRIybGPeAjMjdHbkIfiwZCCmf8ggu7C49jhp6aJ7DYsZfudnvnTY5/1vgUhrGA7JaDAx1WevnpjCPvaGg==",
      "requires": {
        "canvas-renderer": "~2.2.0"
      }
    },
    "jquery": {
      "version": "3.7.1",
      "resolved": "https://registry.npmjs.org/jquery/-/jquery-3.7.1.tgz",
      "integrity": "sha512-m4avr8yL8kmFN8psrbFFFmB/If14iN5o9nw/NgnnM+kybDJpRsAynV2BsfpTYrTRysYUdADVD7CkUUizgkpLfg=="
    },
    "jquery-cropper": {
      "version": "1.0.1",
      "resolved": "https://registry.npmjs.org/jquery-cropper/-/jquery-cropper-1.0.1.tgz",
      "integrity": "sha512-KGlY8b0IJQi2Bxe3lqMKmd5Z2Ce4GrnDE5O8Iciza9xCzXISkL6EqX/jFHwnLL1H6Q4FGjoRguuv3lxezsbKJQ==",
      "requires": {}
    },
    "moment": {
      "version": "2.30.1",
      "resolved": "https://registry.npmjs.org/moment/-/moment-2.30.1.tgz",
      "integrity": "sha512-uEmtNhbDOrWPFS+hdjFCBfy9f2YoyzRpwcl+DqpC6taX21FzsTLQVbMV/W7PzNSX6x/bhC1zA3c2UQ5NzH6how=="
    },
    "preact": {
      "version": "10.12.1",
      "resolved": "https://registry.npmjs.org/preact/-/preact-10.12.1.tgz",
      "integrity": "sha512-l8386ixSsBdbreOAkqtrwqHwdvR35ID8c3rKPa8lCWuO86dBi32QWHV4vfsZK1utLLFMvw+Z5Ad4XLkZzchscg=="
    },
    "summernote": {
      "version": "0.8.20",
      "resolved": "https://registry.npmjs.org/summernote/-/summernote-0.8.20.tgz",
      "integrity": "sha512-W9RhjQjsn+b1s9xiJQgJbCiYGJaDAc9CdEqXo+D13WuStG8lCdtKaO5AiNiSSMJsQJN2EfGSwbBQt+SFE2B8Kw=="
    },
    "undici-types": {
      "version": "5.26.5",
      "resolved": "https://registry.npmjs.org/undici-types/-/undici-types-5.26.5.tgz",
      "integrity": "sha512-JlCMO+ehdEIKqlFxk6IfVoAUVmgz7cU7zD/h9XZ0qzeosSHmUJVOzSQvvYSYWXkFXC+IfLKSIffhv0sVZup6pA=="
    }
  }
}
